
Microsoft Visual Studio Solution File, Format Version 12.00
# Visual Studio Version 17
VisualStudioVersion = 17.4.33110.190
MinimumVisualStudioVersion = 10.0.40219.1
Project("{FAE04EC0-301F-11D3-BF4B-00C04F79EFBC}") = "CanariaApi", "CanariaApi\CanariaApi.csproj", "{78C91496-9447-42BE-8F3D-53D38C32D5C1}"
EndProject
Global
	GlobalSection(SolutionConfigurationPlatforms) = preSolution
		Debug|Any CPU = Debug|Any CPU
		Release|Any CPU = Release|Any CPU
	EndGlobalSection
	GlobalSection(ProjectConfigurationPlatforms) = postSolution
		{78C91496-9447-42BE-8F3D-53D38C32D5C1}.Debug|Any CPU.ActiveCfg = Debug|Any CPU
		{78C91496-9447-42BE-8F3D-53D38C32D5C1}.Debug|Any CPU.Build.0 = Debug|Any CPU
		{78C91496-9447-42BE-8F3D-53D38C32D5C1}.Release|Any CPU.ActiveCfg = Release|Any CPU
		{78C91496-9447-42BE-8F3D-53D38C32D5C1}.Release|Any CPU.Build.0 = Release|Any CPU
	EndGlobalSection
	GlobalSection(SolutionProperties) = preSolution
		HideSolutionNode = FALSE
	EndGlobalSection
	GlobalSection(ExtensibilityGlobals) = postSolution
		SolutionGuid = {A34AC509-61B3-4502-9321-EA228C48FCDA}
	EndGlobalSection
EndGlobal
